
Microsoft Visual Studio Solution File, Format Version 12.00
# Visual Studio Version 16
VisualStudioVersion = 16.0.31424.327
MinimumVisualStudioVersion = 10.0.40219.1
Project("{9A19103F-16F7-4668-BE54-9A1E7A4F7556}") = "Imagegram.Functions", "Imagegram.Functions.csproj", "{08A0D7E7-89A3-4EB1-98CC-242DA3D6B73C}"
EndProject
Global
	GlobalSection(SolutionConfigurationPlatforms) = preSolution
		Debug|Any CPU = Debug|Any CPU
		Release|Any CPU = Release|Any CPU
	EndGlobalSection
	GlobalSection(ProjectConfigurationPlatforms) = postSolution
		{08A0D7E7-89A3-4EB1-98CC-242DA3D6B73C}.Debug|Any CPU.ActiveCfg = Debug|Any CPU
		{08A0D7E7-89A3-4EB1-98CC-242DA3D6B73C}.Debug|Any CPU.Build.0 = Debug|Any CPU
		{08A0D7E7-89A3-4EB1-98CC-242DA3D6B73C}.Release|Any CPU.ActiveCfg = Release|Any CPU
		{08A0D7E7-89A3-4EB1-98CC-242DA3D6B73C}.Release|Any CPU.Build.0 = Release|Any CPU
	EndGlobalSection
	GlobalSection(SolutionProperties) = preSolution
		HideSolutionNode = FALSE
	EndGlobalSection
	GlobalSection(ExtensibilityGlobals) = postSolution
		SolutionGuid = {1DCBE1C7-602B-4167-AA97-E0CA0D1C3CCC}
	EndGlobalSection
EndGlobal
